# Generated by buf. DO NOT EDIT.
version: v2
deps:
  - name: buf.build/bufbuild/protovalidate
    commit: 1baebb0a15184714854fa1ddfd22a29b
    digest: b5:6ee11b05d5f54b6257c79c3141eb1050723c4433cf490259ba1d8c02cd08c3e325625527b00fec4dc8b338901f1f3c567ef7ff0698b1c92d09b2dfa6f516c1e6
  - name: buf.build/googleapis/googleapis
    commit: 28151c0d0a1641bf938a7672c500e01d
    digest: b5:93b70089baa4fc05a92d3e52db91a4b7812db3b57b9664f6cb301733938cb630e377a938e8a56779388171c749c1d42a2e9a6c6230f2ff45f127a8102a6a27d0
